
Microsoft Visual Studio Solution File, Format Version 12.00
# Visual Studio Version 16
VisualStudioVersion = 16.0.29201.188
MinimumVisualStudioVersion = 10.0.40219.1
Project("{FAE04EC0-301F-11D3-BF4B-00C04F79EFBC}") = "OriWotWSaveManager", "OriWotWSaveManager\OriWotWSaveManager.csproj", "{AC7470E3-1792-437D-A241-3288A6F7A9C3}"
EndProject
Global
	GlobalSection(SolutionConfigurationPlatforms) = preSolution
		Debug|Any CPU = Debug|Any CPU
		Release|Any CPU = Release|Any CPU
	EndGlobalSection
	GlobalSection(ProjectConfigurationPlatforms) = postSolution
		{AC7470E3-1792-437D-A241-3288A6F7A9C3}.Debug|Any CPU.ActiveCfg = Debug|Any CPU
		{AC7470E3-1792-437D-A241-3288A6F7A9C3}.Debug|Any CPU.Build.0 = Debug|Any CPU
		{AC7470E3-1792-437D-A241-3288A6F7A9C3}.Release|Any CPU.ActiveCfg = Release|Any CPU
		{AC7470E3-1792-437D-A241-3288A6F7A9C3}.Release|Any CPU.Build.0 = Release|Any CPU
	EndGlobalSection
	GlobalSection(SolutionProperties) = preSolution
		HideSolutionNode = FALSE
	EndGlobalSection
	GlobalSection(ExtensibilityGlobals) = postSolution
		SolutionGuid = {B858B536-ADF3-4673-B56D-2D5C921CC9F4}
	EndGlobalSection
EndGlobal
